
Microsoft Visual Studio Solution File, Format Version 12.00
# Visual Studio 2012
Project("{8BC9CEB8-8B4A-11D0-8D11-00A0C91BC942}") = "ATS", "ATS\ATS.vcxproj", "{FAC13A44-6D6A-4012-AD11-6941EFE50E7C}"
EndProject
Global
	GlobalSection(SolutionConfigurationPlatforms) = preSolution
		Debug|Win32 = Debug|Win32
		Release|Win32 = Release|Win32
	EndGlobalSection
	GlobalSection(ProjectConfigurationPlatforms) = postSolution
		{FAC13A44-6D6A-4012-AD11-6941EFE50E7C}.Debug|Win32.ActiveCfg = Debug|Win32
		{FAC13A44-6D6A-4012-AD11-6941EFE50E7C}.Debug|Win32.Build.0 = Debug|Win32
		{FAC13A44-6D6A-4012-AD11-6941EFE50E7C}.Release|Win32.ActiveCfg = Release|Win32
		{FAC13A44-6D6A-4012-AD11-6941EFE50E7C}.Release|Win32.Build.0 = Release|Win32
	EndGlobalSection
	GlobalSection(SolutionProperties) = preSolution
		HideSolutionNode = FALSE
	EndGlobalSection
EndGlobal
